
Microsoft Visual Studio Solution File, Format Version 11.00
# Visual Studio 2010
Project("{FAE04EC0-301F-11D3-BF4B-00C04F79EFBC}") = "videolounge", "videolounge\videolounge.csproj", "{C32E275C-905A-4B78-A570-1343EA5083BB}"
EndProject
Global
	GlobalSection(SolutionConfigurationPlatforms) = preSolution
		Debug|Any CPU = Debug|Any CPU
		Release|Any CPU = Release|Any CPU
	EndGlobalSection
	GlobalSection(ProjectConfigurationPlatforms) = postSolution
		{C32E275C-905A-4B78-A570-1343EA5083BB}.Debug|Any CPU.ActiveCfg = Debug|Any CPU
		{C32E275C-905A-4B78-A570-1343EA5083BB}.Debug|Any CPU.Build.0 = Debug|Any CPU
		{C32E275C-905A-4B78-A570-1343EA5083BB}.Release|Any CPU.ActiveCfg = Release|Any CPU
		{C32E275C-905A-4B78-A570-1343EA5083BB}.Release|Any CPU.Build.0 = Release|Any CPU
	EndGlobalSection
	GlobalSection(SolutionProperties) = preSolution
		HideSolutionNode = FALSE
	EndGlobalSection
EndGlobal
